// !$*UTF8*$!
{
	archiveVersion = 1;
	classes = {
	};
	objectVersion = 46;
	objects = {

/* Begin PBXBuildFile section */
		D9B9B244F12525A3C3DB7168 /* Pods_hyakko.framework in Frameworks */ = {isa = PBXBuildFile; fileRef = 5A0B228391B8EE0B39ED1B38 /* Pods_hyakko.framework */; };
		F44ABA1E1ED68C3D00A9C4B5 /* RecordViewController.swift in Sources */ = {isa = PBXBuildFile; fileRef = F44ABA1D1ED68C3D00A9C4B5 /* RecordViewController.swift */; };
		F4792F981ED681FA00F6E144 /* AppDelegate.swift in Sources */ = {isa = PBXBuildFile; fileRef = F4792F971ED681FA00F6E144 /* AppDelegate.swift */; };
		F4792FA01ED681FA00F6E144 /* hyakko.xcdatamodeld in Sources */ = {isa = PBXBuildFile; fileRef = F4792F9E1ED681FA00F6E144 /* hyakko.xcdatamodeld */; };
		F4792FA21ED681FA00F6E144 /* Assets.xcassets in Resources */ = {isa = PBXBuildFile; fileRef = F4792FA11ED681FA00F6E144 /* Assets.xcassets */; };
		F4792FA51ED681FA00F6E144 /* LaunchScreen.storyboard in Resources */ = {isa = PBXBuildFile; fileRef = F4792FA31ED681FA00F6E144 /* LaunchScreen.storyboard */; };
		F4A550521ED6AEB50068D715 /* RecordingButton.swift in Sources */ = {isa = PBXBuildFile; fileRef = F4A550511ED6AEB50068D715 /* RecordingButton.swift */; };
		F4E90D291ED7163400B40804 /* RecordListViewController.swift in Sources */ = {isa = PBXBuildFile; fileRef = F4E90D281ED7163400B40804 /* RecordListViewController.swift */; };
		F4E90D2C1ED7181700B40804 /* CoreDataConnect.swift in Sources */ = {isa = PBXBuildFile; fileRef = F4E90D2B1ED7181700B40804 /* CoreDataConnect.swift */; };
		F4E90D321ED71D6100B40804 /* VoiceNoteCell.swift in Sources */ = {isa = PBXBuildFile; fileRef = F4E90D311ED71D6100B40804 /* VoiceNoteCell.swift */; };
		F4E90D351ED769CC00B40804 /* AudioSaveInfo.swift in Sources */ = {isa = PBXBuildFile; fileRef = F4E90D331ED769CC00B40804 /* AudioSaveInfo.swift */; };
		F4E90D361ED769CC00B40804 /* AudioSaveInfo+CoreDataProperties.swift in Sources */ = {isa = PBXBuildFile; fileRef = F4E90D341ED769CC00B40804 /* AudioSaveInfo+CoreDataProperties.swift */; };
/* End PBXBuildFile section */

/* Begin PBXFileReference section */
		4051B4239E550A7815240CFA /* Pods-hyakko.release.xcconfig */ = {isa = PBXFileReference; includeInIndex = 1; lastKnownFileType = text.xcconfig; name = "Pods-hyakko.release.xcconfig"; path = "Pods/Target Support Files/Pods-hyakko/Pods-hyakko.release.xcconfig"; sourceTree = "<group>"; };
		5A0B228391B8EE0B39ED1B38 /* Pods_hyakko.framework */ = {isa = PBXFileReference; explicitFileType = wrapper.framework; includeInIndex = 0; path = Pods_hyakko.framework; sourceTree = BUILT_PRODUCTS_DIR; };
		AEAFE5391F8AFC400D961833 /* Pods-hyakko.debug.xcconfig */ = {isa = PBXFileReference; includeInIndex = 1; lastKnownFileType = text.xcconfig; name = "Pods-hyakko.debug.xcconfig"; path = "Pods/Target Support Files/Pods-hyakko/Pods-hyakko.debug.xcconfig"; sourceTree = "<group>"; };
		F44ABA1D1ED68C3D00A9C4B5 /* RecordViewController.swift */ = {isa = PBXFileReference; fileEncoding = 4; lastKnownFileType = sourcecode.swift; path = RecordViewController.swift; sourceTree = "<group>"; };
		F4792F941ED681FA00F6E144 /* hyakko.app */ = {isa = PBXFileReference; explicitFileType = wrapper.application; includeInIndex = 0; path = hyakko.app; sourceTree = BUILT_PRODUCTS_DIR; };
		F4792F971ED681FA00F6E144 /* AppDelegate.swift */ = {isa = PBXFileReference; lastKnownFileType = sourcecode.swift; path = AppDelegate.swift; sourceTree = "<group>"; };
		F4792F9F1ED681FA00F6E144 /* hyakko.xcdatamodel */ = {isa = PBXFileReference; lastKnownFileType = wrapper.xcdatamodel; path = hyakko.xcdatamodel; sourceTree = "<group>"; };
		F4792FA11ED681FA00F6E144 /* Assets.xcassets */ = {isa = PBXFileReference; lastKnownFileType = folder.assetcatalog; path = Assets.xcassets; sourceTree = "<group>"; };
		F4792FA41ED681FA00F6E144 /* Base */ = {isa = PBXFileReference; lastKnownFileType = file.storyboard; name = Base; path = Base.lproj/LaunchScreen.storyboard; sourceTree = "<group>"; };
		F4792FA61ED681FA00F6E144 /* Info.plist */ = {isa = PBXFileReference; lastKnownFileType = text.plist.xml; path = Info.plist; sourceTree = "<group>"; };
		F4A550511ED6AEB50068D715 /* RecordingButton.swift */ = {isa = PBXFileReference; fileEncoding = 4; lastKnownFileType = sourcecode.swift; path = RecordingButton.swift; sourceTree = "<group>"; };
		F4E90D281ED7163400B40804 /* RecordListViewController.swift */ = {isa = PBXFileReference; fileEncoding = 4; lastKnownFileType = sourcecode.swift; path = RecordListViewController.swift; sourceTree = "<group>"; };
		F4E90D2B1ED7181700B40804 /* CoreDataConnect.swift */ = {isa = PBXFileReference; fileEncoding = 4; lastKnownFileType = sourcecode.swift; path = CoreDataConnect.swift; sourceTree = "<group>"; };
		F4E90D311ED71D6100B40804 /* VoiceNoteCell.swift */ = {isa = PBXFileReference; fileEncoding = 4; lastKnownFileType = sourcecode.swift; path = VoiceNoteCell.swift; sourceTree = "<group>"; };
		F4E90D331ED769CC00B40804 /* AudioSaveInfo.swift */ = {isa = PBXFileReference; fileEncoding = 4; lastKnownFileType = sourcecode.swift; path = AudioSaveInfo.swift; sourceTree = "<group>"; };
		F4E90D341ED769CC00B40804 /* AudioSaveInfo+CoreDataProperties.swift */ = {isa = PBXFileReference; fileEncoding = 4; lastKnownFileType = sourcecode.swift; path = "AudioSaveInfo+CoreDataProperties.swift"; sourceTree = "<group>"; };
/* End PBXFileReference section */

/* Begin PBXFrameworksBuildPhase section */
		F4792F911ED681FA00F6E144 /* Frameworks */ = {
			isa = PBXFrameworksBuildPhase;
			buildActionMask = 2147483647;
			files = (
				D9B9B244F12525A3C3DB7168 /* Pods_hyakko.framework in Frameworks */,
			);
			runOnlyForDeploymentPostprocessing = 0;
		};
/* End PBXFrameworksBuildPhase section */

/* Begin PBXGroup section */
		A624BD014A474133DC529B37 /* Frameworks */ = {
			isa = PBXGroup;
			children = (
				5A0B228391B8EE0B39ED1B38 /* Pods_hyakko.framework */,
			);
			name = Frameworks;
			sourceTree = "<group>";
		};
		B4FEE2872289608ADA68D351 /* Pods */ = {
			isa = PBXGroup;
			children = (
				AEAFE5391F8AFC400D961833 /* Pods-hyakko.debug.xcconfig */,
				4051B4239E550A7815240CFA /* Pods-hyakko.release.xcconfig */,
			);
			name = Pods;
			sourceTree = "<group>";
		};
		F44ABA1A1ED68BF200A9C4B5 /* ViewControllers */ = {
			isa = PBXGroup;
			children = (
				F44ABA1D1ED68C3D00A9C4B5 /* RecordViewController.swift */,
				F4E90D281ED7163400B40804 /* RecordListViewController.swift */,
			);
			name = ViewControllers;
			sourceTree = "<group>";
		};
		F44ABA1B1ED68C0800A9C4B5 /* Resources */ = {
			isa = PBXGroup;
			children = (
				F4792F9E1ED681FA00F6E144 /* hyakko.xcdatamodeld */,
				F4792FA31ED681FA00F6E144 /* LaunchScreen.storyboard */,
				F4792FA11ED681FA00F6E144 /* Assets.xcassets */,
			);
			name = Resources;
			sourceTree = "<group>";
		};
		F44ABA1C1ED68C1D00A9C4B5 /* src */ = {
			isa = PBXGroup;
			children = (
				F4792F971ED681FA00F6E144 /* AppDelegate.swift */,
				F4E90D131ED711D000B40804 /* CoreData */,
				F44ABA1A1ED68BF200A9C4B5 /* ViewControllers */,
				F44ABA211ED68C6200A9C4B5 /* Views */,
				F4E90D2A1ED717CA00B40804 /* Tool */,
			);
			name = src;
			sourceTree = "<group>";
		};
		F44ABA211ED68C6200A9C4B5 /* Views */ = {
			isa = PBXGroup;
			children = (
				F4A550511ED6AEB50068D715 /* RecordingButton.swift */,
				F4E90D311ED71D6100B40804 /* VoiceNoteCell.swift */,
			);
			name = Views;
			sourceTree = "<group>";
		};
		F4792F8B1ED681FA00F6E144 = {
			isa = PBXGroup;
			children = (
				F4792F961ED681FA00F6E144 /* hyakko */,
				F4792F951ED681FA00F6E144 /* Products */,
				B4FEE2872289608ADA68D351 /* Pods */,
				A624BD014A474133DC529B37 /* Frameworks */,
			);
			sourceTree = "<group>";
		};
		F4792F951ED681FA00F6E144 /* Products */ = {
			isa = PBXGroup;
			children = (
				F4792F941ED681FA00F6E144 /* hyakko.app */,
			);
			name = Products;
			sourceTree = "<group>";
		};
		F4792F961ED681FA00F6E144 /* hyakko */ = {
			isa = PBXGroup;
			children = (
				F44ABA1C1ED68C1D00A9C4B5 /* src */,
				F44ABA1B1ED68C0800A9C4B5 /* Resources */,
				F4792FA61ED681FA00F6E144 /* Info.plist */,
			);
			path = hyakko;
			sourceTree = "<group>";
		};
		F4E90D131ED711D000B40804 /* CoreData */ = {
			isa = PBXGroup;
			children = (
				F4E90D331ED769CC00B40804 /* AudioSaveInfo.swift */,
				F4E90D341ED769CC00B40804 /* AudioSaveInfo+CoreDataProperties.swift */,
			);
			name = CoreData;
			sourceTree = "<group>";
		};
		F4E90D2A1ED717CA00B40804 /* Tool */ = {
			isa = PBXGroup;
			children = (
				F4E90D2B1ED7181700B40804 /* CoreDataConnect.swift */,
			);
			name = Tool;
			sourceTree = "<group>";
		};
/* End PBXGroup section */

/* Begin PBXNativeTarget section */
		F4792F931ED681FA00F6E144 /* hyakko */ = {
			isa = PBXNativeTarget;
			buildConfigurationList = F4792FA91ED681FA00F6E144 /* Build configuration list for PBXNativeTarget "hyakko" */;
			buildPhases = (
				346C14C8F9F05B4DC16717B2 /* [CP] Check Pods Manifest.lock */,
				F4792F901ED681FA00F6E144 /* Sources */,
				F4792F911ED681FA00F6E144 /* Frameworks */,
				F4792F921ED681FA00F6E144 /* Resources */,
				53A340E8E66E49BA6530316F /* [CP] Embed Pods Frameworks */,
				678CD4E0427BF3E1E3D4075F /* [CP] Copy Pods Resources */,
			);
			buildRules = (
			);
			dependencies = (
			);
			name = hyakko;
			productName = hyakko;
			productReference = F4792F941ED681FA00F6E144 /* hyakko.app */;
			productType = "com.apple.product-type.application";
		};
/* End PBXNativeTarget section */

/* Begin PBXProject section */
		F4792F8C1ED681FA00F6E144 /* Project object */ = {
			isa = PBXProject;
			attributes = {
				LastSwiftUpdateCheck = 0830;
				LastUpgradeCheck = 0830;
				ORGANIZATIONNAME = MonzyZhang;
				TargetAttributes = {
					F4792F931ED681FA00F6E144 = {
						CreatedOnToolsVersion = 8.3.2;
						DevelopmentTeam = TD9863Q5PB;
						ProvisioningStyle = Automatic;
					};
				};
			};
			buildConfigurationList = F4792F8F1ED681FA00F6E144 /* Build configuration list for PBXProject "hyakko" */;
			compatibilityVersion = "Xcode 3.2";
			developmentRegion = English;
			hasScannedForEncodings = 0;
			knownRegions = (
				en,
				Base,
			);
			mainGroup = F4792F8B1ED681FA00F6E144;
			productRefGroup = F4792F951ED681FA00F6E144 /* Products */;
			projectDirPath = "";
			projectRoot = "";
			targets = (
				F4792F931ED681FA00F6E144 /* hyakko */,
			);
		};
/* End PBXProject section */

/* Begin PBXResourcesBuildPhase section */
		F4792F921ED681FA00F6E144 /* Resources */ = {
			isa = PBXResourcesBuildPhase;
			buildActionMask = 2147483647;
			files = (
				F4792FA51ED681FA00F6E144 /* LaunchScreen.storyboard in Resources */,
				F4792FA21ED681FA00F6E144 /* Assets.xcassets in Resources */,
			);
			runOnlyForDeploymentPostprocessing = 0;
		};
/* End PBXResourcesBuildPhase section */

/* Begin PBXShellScriptBuildPhase section */
		346C14C8F9F05B4DC16717B2 /* [CP] Check Pods Manifest.lock */ = {
			isa = PBXShellScriptBuildPhase;
			buildActionMask = 2147483647;
			files = (
			);
			inputPaths = (
			);
			name = "[CP] Check Pods Manifest.lock";
			outputPaths = (
			);
			runOnlyForDeploymentPostprocessing = 0;
			shellPath = /bin/sh;
			shellScript = "diff \"${PODS_ROOT}/../Podfile.lock\" \"${PODS_ROOT}/Manifest.lock\" > /dev/null\nif [ $? != 0 ] ; then\n    # print error to STDERR\n    echo \"error: The sandbox is not in sync with the Podfile.lock. Run 'pod install' or update your CocoaPods installation.\" >&2\n    exit 1\nfi\n";
			showEnvVarsInLog = 0;
		};
		53A340E8E66E49BA6530316F /* [CP] Embed Pods Frameworks */ = {
			isa = PBXShellScriptBuildPhase;
			buildActionMask = 2147483647;
			files = (
			);
			inputPaths = (
			);
			name = "[CP] Embed Pods Frameworks";
			outputPaths = (
			);
			runOnlyForDeploymentPostprocessing = 0;
			shellPath = /bin/sh;
			shellScript = "\"${SRCROOT}/Pods/Target Support Files/Pods-hyakko/Pods-hyakko-frameworks.sh\"\n";
			showEnvVarsInLog = 0;
		};
		678CD4E0427BF3E1E3D4075F /* [CP] Copy Pods Resources */ = {
			isa = PBXShellScriptBuildPhase;
			buildActionMask = 2147483647;
			files = (
			);
			inputPaths = (
			);
			name = "[CP] Copy Pods Resources";
			outputPaths = (
			);
			runOnlyForDeploymentPostprocessing = 0;
			shellPath = /bin/sh;
			shellScript = "\"${SRCROOT}/Pods/Target Support Files/Pods-hyakko/Pods-hyakko-resources.sh\"\n";
			showEnvVarsInLog = 0;
		};
/* End PBXShellScriptBuildPhase section */

/* Begin PBXSourcesBuildPhase section */
		F4792F901ED681FA00F6E144 /* Sources */ = {
			isa = PBXSourcesBuildPhase;
			buildActionMask = 2147483647;
			files = (
				F4792F981ED681FA00F6E144 /* AppDelegate.swift in Sources */,
				F4E90D321ED71D6100B40804 /* VoiceNoteCell.swift in Sources */,
				F4E90D291ED7163400B40804 /* RecordListViewController.swift in Sources */,
				F4E90D361ED769CC00B40804 /* AudioSaveInfo+CoreDataProperties.swift in Sources */,
				F4A550521ED6AEB50068D715 /* RecordingButton.swift in Sources */,
				F4792FA01ED681FA00F6E144 /* hyakko.xcdatamodeld in Sources */,
				F4E90D2C1ED7181700B40804 /* CoreDataConnect.swift in Sources */,
				F44ABA1E1ED68C3D00A9C4B5 /* RecordViewController.swift in Sources */,
				F4E90D351ED769CC00B40804 /* AudioSaveInfo.swift in Sources */,
			);
			runOnlyForDeploymentPostprocessing = 0;
		};
/* End PBXSourcesBuildPhase section */

/* Begin PBXVariantGroup section */
		F4792FA31ED681FA00F6E144 /* LaunchScreen.storyboard */ = {
			isa = PBXVariantGroup;
			children = (
				F4792FA41ED681FA00F6E144 /* Base */,
			);
			name = LaunchScreen.storyboard;
			sourceTree = "<group>";
		};
/* End PBXVariantGroup section */

/* Begin XCBuildConfiguration section */
		F4792FA71ED681FA00F6E144 /* Debug */ = {
			isa = XCBuildConfiguration;
			buildSettings = {
				ALWAYS_SEARCH_USER_PATHS = NO;
				CLANG_ANALYZER_NONNULL = YES;
				CLANG_ANALYZER_NUMBER_OBJECT_CONVERSION = YES_AGGRESSIVE;
				CLANG_CXX_LANGUAGE_STANDARD = "gnu++0x";
				CLANG_CXX_LIBRARY = "libc++";
				CLANG_ENABLE_MODULES = YES;
				CLANG_ENABLE_OBJC_ARC = YES;
				CLANG_WARN_BOOL_CONVERSION = YES;
				CLANG_WARN_CONSTANT_CONVERSION = YES;
				CLANG_WARN_DIRECT_OBJC_ISA_USAGE = YES_ERROR;
				CLANG_WARN_DOCUMENTATION_COMMENTS = YES;
				CLANG_WARN_EMPTY_BODY = YES;
				CLANG_WARN_ENUM_CONVERSION = YES;
				CLANG_WARN_INFINITE_RECURSION = YES;
				CLANG_WARN_INT_CONVERSION = YES;
				CLANG_WARN_OBJC_ROOT_CLASS = YES_ERROR;
				CLANG_WARN_SUSPICIOUS_MOVE = YES;
				CLANG_WARN_UNREACHABLE_CODE = YES;
				CLANG_WARN__DUPLICATE_METHOD_MATCH = YES;
				"CODE_SIGN_IDENTITY[sdk=iphoneos*]" = "iPhone Developer";
				COPY_PHASE_STRIP = NO;
				DEBUG_INFORMATION_FORMAT = dwarf;
				ENABLE_STRICT_OBJC_MSGSEND = YES;
				ENABLE_TESTABILITY = YES;
				GCC_C_LANGUAGE_STANDARD = gnu99;
				GCC_DYNAMIC_NO_PIC = NO;
				GCC_NO_COMMON_BLOCKS = YES;
				GCC_OPTIMIZATION_LEVEL = 0;
				GCC_PREPROCESSOR_DEFINITIONS = (
					"DEBUG=1",
					"$(inherited)",
				);
				GCC_WARN_64_TO_32_BIT_CONVERSION = YES;
				GCC_WARN_ABOUT_RETURN_TYPE = YES_ERROR;
				GCC_WARN_UNDECLARED_SELECTOR = YES;
				GCC_WARN_UNINITIALIZED_AUTOS = YES_AGGRESSIVE;
				GCC_WARN_UNUSED_FUNCTION = YES;
				GCC_WARN_UNUSED_VARIABLE = YES;
				IPHONEOS_DEPLOYMENT_TARGET = 10.3;
				MTL_ENABLE_DEBUG_INFO = YES;
				ONLY_ACTIVE_ARCH = YES;
				SDKROOT = iphoneos;
				SWIFT_ACTIVE_COMPILATION_CONDITIONS = DEBUG;
				SWIFT_OPTIMIZATION_LEVEL = "-Onone";
				TARGETED_DEVICE_FAMILY = "1,2";
			};
			name = Debug;
		};
		F4792FA81ED681FA00F6E144 /* Release */ = {
			isa = XCBuildConfiguration;
			buildSettings = {
				ALWAYS_SEARCH_USER_PATHS = NO;
				CLANG_ANALYZER_NONNULL = YES;
				CLANG_ANALYZER_NUMBER_OBJECT_CONVERSION = YES_AGGRESSIVE;
				CLANG_CXX_LANGUAGE_STANDARD = "gnu++0x";
				CLANG_CXX_LIBRARY = "libc++";
				CLANG_ENABLE_MODULES = YES;
				CLANG_ENABLE_OBJC_ARC = YES;
				CLANG_WARN_BOOL_CONVERSION = YES;
				CLANG_WARN_CONSTANT_CONVERSION = YES;
				CLANG_WARN_DIRECT_OBJC_ISA_USAGE = YES_ERROR;
				CLANG_WARN_DOCUMENTATION_COMMENTS = YES;
				CLANG_WARN_EMPTY_BODY = YES;
				CLANG_WARN_ENUM_CONVERSION = YES;
				CLANG_WARN_INFINITE_RECURSION = YES;
				CLANG_WARN_INT_CONVERSION = YES;
				CLANG_WARN_OBJC_ROOT_CLASS = YES_ERROR;
				CLANG_WARN_SUSPICIOUS_MOVE = YES;
				CLANG_WARN_UNREACHABLE_CODE = YES;
				CLANG_WARN__DUPLICATE_METHOD_MATCH = YES;
				"CODE_SIGN_IDENTITY[sdk=iphoneos*]" = "iPhone Developer";
				COPY_PHASE_STRIP = NO;
				DEBUG_INFORMATION_FORMAT = "dwarf-with-dsym";
				ENABLE_NS_ASSERTIONS = NO;
				ENABLE_STRICT_OBJC_MSGSEND = YES;
				GCC_C_LANGUAGE_STANDARD = gnu99;
				GCC_NO_COMMON_BLOCKS = YES;
				GCC_WARN_64_TO_32_BIT_CONVERSION = YES;
				GCC_WARN_ABOUT_RETURN_TYPE = YES_ERROR;
				GCC_WARN_UNDECLARED_SELECTOR = YES;
				GCC_WARN_UNINITIALIZED_AUTOS = YES_AGGRESSIVE;
				GCC_WARN_UNUSED_FUNCTION = YES;
				GCC_WARN_UNUSED_VARIABLE = YES;
				IPHONEOS_DEPLOYMENT_TARGET = 10.3;
				MTL_ENABLE_DEBUG_INFO = NO;
				SDKROOT = iphoneos;
				SWIFT_OPTIMIZATION_LEVEL = "-Owholemodule";
				TARGETED_DEVICE_FAMILY = "1,2";
				VALIDATE_PRODUCT = YES;
			};
			name = Release;
		};
		F4792FAA1ED681FA00F6E144 /* Debug */ = {
			isa = XCBuildConfiguration;
			baseConfigurationReference = AEAFE5391F8AFC400D961833 /* Pods-hyakko.debug.xcconfig */;
			buildSettings = {
				ASSETCATALOG_COMPILER_APPICON_NAME = AppIcon;
				DEVELOPMENT_TEAM = TD9863Q5PB;
				INFOPLIST_FILE = hyakko/Info.plist;
				LD_RUNPATH_SEARCH_PATHS = "$(inherited) @executable_path/Frameworks";
				PRODUCT_BUNDLE_IDENTIFIER = com.Monzy.Zhang.hyakko;
				PRODUCT_NAME = "$(TARGET_NAME)";
				SWIFT_VERSION = 3.0;
			};
			name = Debug;
		};
		F4792FAB1ED681FA00F6E144 /* Release */ = {
			isa = XCBuildConfiguration;
			baseConfigurationReference = 4051B4239E550A7815240CFA /* Pods-hyakko.release.xcconfig */;
			buildSettings = {
				ASSETCATALOG_COMPILER_APPICON_NAME = AppIcon;
				DEVELOPMENT_TEAM = TD9863Q5PB;
				INFOPLIST_FILE = hyakko/Info.plist;
				LD_RUNPATH_SEARCH_PATHS = "$(inherited) @executable_path/Frameworks";
				PRODUCT_BUNDLE_IDENTIFIER = com.Monzy.Zhang.hyakko;
				PRODUCT_NAME = "$(TARGET_NAME)";
				SWIFT_VERSION = 3.0;
			};
			name = Release;
		};
/* End XCBuildConfiguration section */

/* Begin XCConfigurationList section */
		F4792F8F1ED681FA00F6E144 /* Build configuration list for PBXProject "hyakko" */ = {
			isa = XCConfigurationList;
			buildConfigurations = (
				F4792FA71ED681FA00F6E144 /* Debug */,
				F4792FA81ED681FA00F6E144 /* Release */,
			);
			defaultConfigurationIsVisible = 0;
			defaultConfigurationName = Release;
		};
		F4792FA91ED681FA00F6E144 /* Build configuration list for PBXNativeTarget "hyakko" */ = {
			isa = XCConfigurationList;
			buildConfigurations = (
				F4792FAA1ED681FA00F6E144 /* Debug */,
				F4792FAB1ED681FA00F6E144 /* Release */,
			);
			defaultConfigurationIsVisible = 0;
			defaultConfigurationName = Release;
		};
/* End XCConfigurationList section */

/* Begin XCVersionGroup section */
		F4792F9E1ED681FA00F6E144 /* hyakko.xcdatamodeld */ = {
			isa = XCVersionGroup;
			children = (
				F4792F9F1ED681FA00F6E144 /* hyakko.xcdatamodel */,
			);
			currentVersion = F4792F9F1ED681FA00F6E144 /* hyakko.xcdatamodel */;
			path = hyakko.xcdatamodeld;
			sourceTree = "<group>";
			versionGroupType = wrapper.xcdatamodel;
		};
/* End XCVersionGroup section */
	};
	rootObject = F4792F8C1ED681FA00F6E144 /* Project object */;
}
